// !$*UTF8*$!
{
	archiveVersion = 1;
	classes = {
	};
	objectVersion = 56;
	objects = {

/* Begin PBXBuildFile section */
		03C02F4BC2C036EF24535018 /* CacheManager.swift in Sources */ = {isa = PBXBuildFile; fileRef = 63535354501CF525F6B8594E /* CacheManager.swift */; };
		069A25E2D4656D474A0B1D2F /* DashboardViewModel.swift in Sources */ = {isa = PBXBuildFile; fileRef = B251D016C59B2173B79A5EC8 /* DashboardViewModel.swift */; };
		128DD0035A0A58F4DE179730 /* FormComponents.swift in Sources */ = {isa = PBXBuildFile; fileRef = C6B789D30B84724797C0070D /* FormComponents.swift */; };
		12B4D9C3113D5CE8874138DF /* SelectedItem.swift in Sources */ = {isa = PBXBuildFile; fileRef = B3E0918B8679BF343860B9F5 /* SelectedItem.swift */; };
		1DF53B1F72ECFB6BBF50FC76 /* ManualForms.swift in Sources */ = {isa = PBXBuildFile; fileRef = 6C8B8F95501555D1CF8517AB /* ManualForms.swift */; };
		1F00D8DC7BED5D6CD5085397 /* FirebaseFirestore in Frameworks */ = {isa = PBXBuildFile; productRef = 25FBF6AD691D894A96F6D4CE /* FirebaseFirestore */; };
		2008580ED19997D8067F36F6 /* ListView.swift in Sources */ = {isa = PBXBuildFile; fileRef = D0397E04A48CA096D262DC44 /* ListView.swift */; };
		2780A690B1EF8C016E86917C /* FirebaseAuth in Frameworks */ = {isa = PBXBuildFile; productRef = 0DCEA82BFD0BD161E476E447 /* FirebaseAuth */; };
		2A4BEC0AAF13B73EBEF9E97C /* SwiftKeychainWrapper in Frameworks */ = {isa = PBXBuildFile; productRef = 98DE54F22A972F91ADFEEBAF /* SwiftKeychainWrapper */; };
		2BAA5F3A2F9E622800B204F9 /* ThemePickerView.swift in Sources */ = {isa = PBXBuildFile; fileRef = 2BAA5F392F9E622800B204F9 /* ThemePickerView.swift */; };
		2BAA5F3B2F9E622800B204F9 /* ThemePickerView.swift in Sources */ = {isa = PBXBuildFile; fileRef = 2BAA5F392F9E622800B204F9 /* ThemePickerView.swift */; };
		2BAA5F3D2F9E623F00B204F9 /* TripTheme.swift in Sources */ = {isa = PBXBuildFile; fileRef = 2BAA5F3C2F9E623F00B204F9 /* TripTheme.swift */; };
		2D6C8C35501AF36B97E4C6DE /* CreateTripSheet.swift in Sources */ = {isa = PBXBuildFile; fileRef = F35CCB39FFC9A1C8CC4FC9F3 /* CreateTripSheet.swift */; };
		2DFE23D698EE8AA90E0F2F50 /* CostsView.swift in Sources */ = {isa = PBXBuildFile; fileRef = 86C9FDE5B639E8638E84A965 /* CostsView.swift */; };
		32E74E9DCD25A3D1D05694BC /* GoogleService-Info.plist in Resources */ = {isa = PBXBuildFile; fileRef = 2507F3FE7FFA5C78129E4F3D /* GoogleService-Info.plist */; };
		37A2EDE57467A5208E182DEC /* FirestoreClient+Writes.swift in Sources */ = {isa = PBXBuildFile; fileRef = F7875DE7670482043E262AD3 /* FirestoreClient+Writes.swift */; };
		3EC940072A0B6B3B8D2840B4 /* TripDetailViewModel.swift in Sources */ = {isa = PBXBuildFile; fileRef = F5B50B6094A65351FEDB064F /* TripDetailViewModel.swift */; };
		41B14A75A2EE268884F5EC2C /* AppleSignInHelper.swift in Sources */ = {isa = PBXBuildFile; fileRef = D6BCCA33AA7BBFE2EA5ED7E2 /* AppleSignInHelper.swift */; };
		432D907E731D4ACDEDE49ECB /* CachedModels.swift in Sources */ = {isa = PBXBuildFile; fileRef = E2B7720CD4CABE0315A43689 /* CachedModels.swift */; };
		47311792AC10F61C0E70819D /* Assets.xcassets in Resources */ = {isa = PBXBuildFile; fileRef = CA4CD7A2610D1374CBFEAC82 /* Assets.xcassets */; };
		49CC929394E0498FD35C0C77 /* AuthManager.swift in Sources */ = {isa = PBXBuildFile; fileRef = A4D3216405FE908A11783762 /* AuthManager.swift */; };
		51709004B5941D2E9D0FDFD4 /* AppGroupBridge.swift in Sources */ = {isa = PBXBuildFile; fileRef = 20BBE67EBD4ED649D8842823 /* AppGroupBridge.swift */; };
		535AF6874FB9B7EEE75477AA /* ItemsView.swift in Sources */ = {isa = PBXBuildFile; fileRef = 704D2546F46F5C1EEE4431C3 /* ItemsView.swift */; };
		550D018B81EC031ECE48D8BD /* MainTabView.swift in Sources */ = {isa = PBXBuildFile; fileRef = DB4848A3063FFC4E6C2B6757 /* MainTabView.swift */; };
		566F40B852BA4D80D3FFB867 /* DashboardView.swift in Sources */ = {isa = PBXBuildFile; fileRef = 525B905C231623339E8B59E5 /* DashboardView.swift */; };
		57AD3424DD5EBDF9589302E0 /* TripCityEditSheets.swift in Sources */ = {isa = PBXBuildFile; fileRef = D8CC2D9229E1D0DCC25C1694 /* TripCityEditSheets.swift */; };
		5DE9562E9EF7E32FA79BFAD6 /* FirestoreClient+SaveParsed.swift in Sources */ = {isa = PBXBuildFile; fileRef = 394E9145A6F17EEA4213367E /* FirestoreClient+SaveParsed.swift */; };
		61DA9CE806F12CFA403FAECC /* CompassNav.swift in Sources */ = {isa = PBXBuildFile; fileRef = 7DE881A888083E9F1FA2B675 /* CompassNav.swift */; };
		629358D9009DF97EC0714669 /* CatalogView.swift in Sources */ = {isa = PBXBuildFile; fileRef = 7F75A43D1D2EB09299028521 /* CatalogView.swift */; };
		AA1B2C3D4E5F607180A1B2C3 /* CatalogViewModel.swift in Sources */ = {isa = PBXBuildFile; fileRef = BB2C3D4E5F6071819A2B3C4D /* CatalogViewModel.swift */; };
		63F408A366A902E967F9FB5A /* CategoryBreakdownSheet.swift in Sources */ = {isa = PBXBuildFile; fileRef = 66E2B23EDCC5278347DA37B1 /* CategoryBreakdownSheet.swift */; };
		73D82416E9924A088BC0D1CD /* FirestoreClient.swift in Sources */ = {isa = PBXBuildFile; fileRef = E6F5D4AAA10A7E712EBA46C0 /* FirestoreClient.swift */; };
		7F8956774DA55D7163FF9A55 /* FirestoreClient+ManualSave.swift in Sources */ = {isa = PBXBuildFile; fileRef = 25C9303A97FD96652D11DA80 /* FirestoreClient+ManualSave.swift */; };
		807B81F9F754EAB4D0D85E0E /* FirebaseFunctions in Frameworks */ = {isa = PBXBuildFile; productRef = 3395FE6E4E52421A1F3BF82A /* FirebaseFunctions */; };
		908756A0AC06469A2C702322 /* ShareViewController.swift in Sources */ = {isa = PBXBuildFile; fileRef = 6A1ED71DB4B4A29664381D14 /* ShareViewController.swift */; };
		981294913E2DFEE09A8BAC68 /* AIParseModal.swift in Sources */ = {isa = PBXBuildFile; fileRef = E01F0510CEE3F5B87EA2E4E6 /* AIParseModal.swift */; };
		9BDC10826FB88365638C3104 /* AddItemChooser.swift in Sources */ = {isa = PBXBuildFile; fileRef = C2F2C04BD4186947DCADC86B /* AddItemChooser.swift */; };
		9FCD969236CCDE7EC3CB4954 /* Trip.swift in Sources */ = {isa = PBXBuildFile; fileRef = EDBD832BB0F7AA30948D1A01 /* Trip.swift */; };
		A63AA6019A1C9BA894F8B0DB /* CalendarView.swift in Sources */ = {isa = PBXBuildFile; fileRef = 8715C7BA942D527D3C62A315 /* CalendarView.swift */; };
		AD2EB3956033F36879444B02 /* Tokens.swift in Sources */ = {isa = PBXBuildFile; fileRef = 6271B818C6F614D50268A32D /* Tokens.swift */; };
		B6780060B04152AD3CDE3168 /* TripPlannerProApp.swift in Sources */ = {isa = PBXBuildFile; fileRef = 0DD604BA22C348ACF89504C7 /* TripPlannerProApp.swift */; };
		C54E2DE24DBC10C0E8D3515F /* AIParseClient.swift in Sources */ = {isa = PBXBuildFile; fileRef = 295E53F7B9186499AEC7A4E5 /* AIParseClient.swift */; };
		CA6BEA6E83474C2AA78B590D /* FirebaseStorage in Frameworks */ = {isa = PBXBuildFile; productRef = 33DA31B9B1B139DDAD3CCE05 /* FirebaseStorage */; };
		71B18D34F088B9F56C69152F /* SwipeBackEnabler.swift in Sources */ = {isa = PBXBuildFile; fileRef = 4F0BB50139BBC3516F2D8CE1 /* SwipeBackEnabler.swift */; };
		CB73676789102640E78B0F74 /* UIState.swift in Sources */ = {isa = PBXBuildFile; fileRef = 5966B917647DA233F09D6205 /* UIState.swift */; };
		D076F2528B969E87F056F2CD /* HouseholdConfig.swift in Sources */ = {isa = PBXBuildFile; fileRef = D8947034ABFB47742EC7D128 /* HouseholdConfig.swift */; };
		F280C23F1DCD5C346A636459 /* ParseModels.swift in Sources */ = {isa = PBXBuildFile; fileRef = 374A33B48BC4CFEA12C8ABF4 /* ParseModels.swift */; };
		F3CEF6BA5263E3344301A0B2 /* EditSheets.swift in Sources */ = {isa = PBXBuildFile; fileRef = 3A7C86285A04EFD731D9E9F5 /* EditSheets.swift */; };
		FBC69458CA99BFA3E34C644E /* SignInView.swift in Sources */ = {isa = PBXBuildFile; fileRef = 2D8409AA00EDAECD94F980D2 /* SignInView.swift */; };
		FC3F2053AF6F17C23FDCD301 /* SettingsView.swift in Sources */ = {isa = PBXBuildFile; fileRef = 98656ECD7F6F4EDD755E01FA /* SettingsView.swift */; };
		FCCAA20E9E202EE433572F61 /* Components.swift in Sources */ = {isa = PBXBuildFile; fileRef = 7B8E80705B47694B1EC8A53D /* Components.swift */; };
		FE510838DC68A146F34E0892 /* AppRoot.swift in Sources */ = {isa = PBXBuildFile; fileRef = F98D908DFD041768BECE4CEE /* AppRoot.swift */; };
		FF0229CE0B290A7F9F61ACB9 /* TripDetailView.swift in Sources */ = {isa = PBXBuildFile; fileRef = 005885A7CA7330AE3A03F3A5 /* TripDetailView.swift */; };
/* End PBXBuildFile section */

/* Begin PBXFileReference section */
		005885A7CA7330AE3A03F3A5 /* TripDetailView.swift */ = {isa = PBXFileReference; lastKnownFileType = sourcecode.swift; path = TripDetailView.swift; sourceTree = "<group>"; };
		0DD604BA22C348ACF89504C7 /* TripPlannerProApp.swift */ = {isa = PBXFileReference; lastKnownFileType = sourcecode.swift; path = TripPlannerProApp.swift; sourceTree = "<group>"; };
		20BBE67EBD4ED649D8842823 /* AppGroupBridge.swift */ = {isa = PBXFileReference; lastKnownFileType = sourcecode.swift; path = AppGroupBridge.swift; sourceTree = "<group>"; };
		2507F3FE7FFA5C78129E4F3D /* GoogleService-Info.plist */ = {isa = PBXFileReference; lastKnownFileType = text.plist; path = "GoogleService-Info.plist"; sourceTree = "<group>"; };
		25C9303A97FD96652D11DA80 /* FirestoreClient+ManualSave.swift */ = {isa = PBXFileReference; lastKnownFileType = sourcecode.swift; path = "FirestoreClient+ManualSave.swift"; sourceTree = "<group>"; };
		295E53F7B9186499AEC7A4E5 /* AIParseClient.swift */ = {isa = PBXFileReference; lastKnownFileType = sourcecode.swift; path = AIParseClient.swift; sourceTree = "<group>"; };
		2BAA5F392F9E622800B204F9 /* ThemePickerView.swift */ = {isa = PBXFileReference; lastKnownFileType = sourcecode.swift; path = ThemePickerView.swift; sourceTree = "<group>"; };
		2BAA5F3C2F9E623F00B204F9 /* TripTheme.swift */ = {isa = PBXFileReference; lastKnownFileType = sourcecode.swift; path = TripTheme.swift; sourceTree = "<group>"; };
		2D8409AA00EDAECD94F980D2 /* SignInView.swift */ = {isa = PBXFileReference; lastKnownFileType = sourcecode.swift; path = SignInView.swift; sourceTree = "<group>"; };
		374A33B48BC4CFEA12C8ABF4 /* ParseModels.swift */ = {isa = PBXFileReference; lastKnownFileType = sourcecode.swift; path = ParseModels.swift; sourceTree = "<group>"; };
		394E9145A6F17EEA4213367E /* FirestoreClient+SaveParsed.swift */ = {isa = PBXFileReference; lastKnownFileType = sourcecode.swift; path = "FirestoreClient+SaveParsed.swift"; sourceTree = "<group>"; };
		3A7C86285A04EFD731D9E9F5 /* EditSheets.swift */ = {isa = PBXFileReference; lastKnownFileType = sourcecode.swift; path = EditSheets.swift; sourceTree = "<group>"; };
		525B905C231623339E8B59E5 /* DashboardView.swift */ = {isa = PBXFileReference; lastKnownFileType = sourcecode.swift; path = DashboardView.swift; sourceTree = "<group>"; };
		4F0BB50139BBC3516F2D8CE1 /* SwipeBackEnabler.swift */ = {isa = PBXFileReference; lastKnownFileType = sourcecode.swift; path = SwipeBackEnabler.swift; sourceTree = "<group>"; };
		5966B917647DA233F09D6205 /* UIState.swift */ = {isa = PBXFileReference; lastKnownFileType = sourcecode.swift; path = UIState.swift; sourceTree = "<group>"; };
		6271B818C6F614D50268A32D /* Tokens.swift */ = {isa = PBXFileReference; lastKnownFileType = sourcecode.swift; path = Tokens.swift; sourceTree = "<group>"; };
		63535354501CF525F6B8594E /* CacheManager.swift */ = {isa = PBXFileReference; lastKnownFileType = sourcecode.swift; path = CacheManager.swift; sourceTree = "<group>"; };
		66E2B23EDCC5278347DA37B1 /* CategoryBreakdownSheet.swift */ = {isa = PBXFileReference; lastKnownFileType = sourcecode.swift; path = CategoryBreakdownSheet.swift; sourceTree = "<group>"; };
		6A1ED71DB4B4A29664381D14 /* ShareViewController.swift */ = {isa = PBXFileReference; lastKnownFileType = sourcecode.swift; path = ShareViewController.swift; sourceTree = "<group>"; };
		6C8B8F95501555D1CF8517AB /* ManualForms.swift */ = {isa = PBXFileReference; lastKnownFileType = sourcecode.swift; path = ManualForms.swift; sourceTree = "<group>"; };
		704D2546F46F5C1EEE4431C3 /* ItemsView.swift */ = {isa = PBXFileReference; lastKnownFileType = sourcecode.swift; path = ItemsView.swift; sourceTree = "<group>"; };
		78F202CBE942F6942DCCEB85 /* ShareExtension.appex */ = {isa = PBXFileReference; includeInIndex = 0; lastKnownFileType = "wrapper.app-extension"; path = ShareExtension.appex; sourceTree = BUILT_PRODUCTS_DIR; };
		7B8E80705B47694B1EC8A53D /* Components.swift */ = {isa = PBXFileReference; lastKnownFileType = sourcecode.swift; path = Components.swift; sourceTree = "<group>"; };
		7DE881A888083E9F1FA2B675 /* CompassNav.swift */ = {isa = PBXFileReference; lastKnownFileType = sourcecode.swift; path = CompassNav.swift; sourceTree = "<group>"; };
		7F75A43D1D2EB09299028521 /* CatalogView.swift */ = {isa = PBXFileReference; lastKnownFileType = sourcecode.swift; path = CatalogView.swift; sourceTree = "<group>"; };
		BB2C3D4E5F6071819A2B3C4D /* CatalogViewModel.swift */ = {isa = PBXFileReference; lastKnownFileType = sourcecode.swift; path = CatalogViewModel.swift; sourceTree = "<group>"; };
		84D86E88BE3E10B56BEC75D5 /* ShareExtension.entitlements */ = {isa = PBXFileReference; lastKnownFileType = text.plist.entitlements; path = ShareExtension.entitlements; sourceTree = "<group>"; };
		86C9FDE5B639E8638E84A965 /* CostsView.swift */ = {isa = PBXFileReference; lastKnownFileType = sourcecode.swift; path = CostsView.swift; sourceTree = "<group>"; };
		8715C7BA942D527D3C62A315 /* CalendarView.swift */ = {isa = PBXFileReference; lastKnownFileType = sourcecode.swift; path = CalendarView.swift; sourceTree = "<group>"; };
		9528187FB886B262231989DC /* Info.plist */ = {isa = PBXFileReference; lastKnownFileType = text.plist; path = Info.plist; sourceTree = "<group>"; };
		98656ECD7F6F4EDD755E01FA /* SettingsView.swift */ = {isa = PBXFileReference; lastKnownFileType = sourcecode.swift; path = SettingsView.swift; sourceTree = "<group>"; };
		9E14DCAB330192DFA05BBF39 /* TripPlannerPro.app */ = {isa = PBXFileReference; includeInIndex = 0; lastKnownFileType = wrapper.application; name = TripPlannerPro.app; path = "Trip Planner Pro.app"; sourceTree = BUILT_PRODUCTS_DIR; };
		A4D3216405FE908A11783762 /* AuthManager.swift */ = {isa = PBXFileReference; lastKnownFileType = sourcecode.swift; path = AuthManager.swift; sourceTree = "<group>"; };
		B251D016C59B2173B79A5EC8 /* DashboardViewModel.swift */ = {isa = PBXFileReference; lastKnownFileType = sourcecode.swift; path = DashboardViewModel.swift; sourceTree = "<group>"; };
		B3E0918B8679BF343860B9F5 /* SelectedItem.swift */ = {isa = PBXFileReference; lastKnownFileType = sourcecode.swift; path = SelectedItem.swift; sourceTree = "<group>"; };
		C2F2C04BD4186947DCADC86B /* AddItemChooser.swift */ = {isa = PBXFileReference; lastKnownFileType = sourcecode.swift; path = AddItemChooser.swift; sourceTree = "<group>"; };
		C6B789D30B84724797C0070D /* FormComponents.swift */ = {isa = PBXFileReference; lastKnownFileType = sourcecode.swift; path = FormComponents.swift; sourceTree = "<group>"; };
		CA4CD7A2610D1374CBFEAC82 /* Assets.xcassets */ = {isa = PBXFileReference; lastKnownFileType = folder.assetcatalog; path = Assets.xcassets; sourceTree = "<group>"; };
		D0397E04A48CA096D262DC44 /* ListView.swift */ = {isa = PBXFileReference; lastKnownFileType = sourcecode.swift; path = ListView.swift; sourceTree = "<group>"; };
		D6BCCA33AA7BBFE2EA5ED7E2 /* AppleSignInHelper.swift */ = {isa = PBXFileReference; lastKnownFileType = sourcecode.swift; path = AppleSignInHelper.swift; sourceTree = "<group>"; };
		D8947034ABFB47742EC7D128 /* HouseholdConfig.swift */ = {isa = PBXFileReference; lastKnownFileType = sourcecode.swift; path = HouseholdConfig.swift; sourceTree = "<group>"; };
		D8CC2D9229E1D0DCC25C1694 /* TripCityEditSheets.swift */ = {isa = PBXFileReference; lastKnownFileType = sourcecode.swift; path = TripCityEditSheets.swift; sourceTree = "<group>"; };
		DB4848A3063FFC4E6C2B6757 /* MainTabView.swift */ = {isa = PBXFileReference; lastKnownFileType = sourcecode.swift; path = MainTabView.swift; sourceTree = "<group>"; };
		E01F0510CEE3F5B87EA2E4E6 /* AIParseModal.swift */ = {isa = PBXFileReference; lastKnownFileType = sourcecode.swift; path = AIParseModal.swift; sourceTree = "<group>"; };
		E2B7720CD4CABE0315A43689 /* CachedModels.swift */ = {isa = PBXFileReference; lastKnownFileType = sourcecode.swift; path = CachedModels.swift; sourceTree = "<group>"; };
		E6F5D4AAA10A7E712EBA46C0 /* FirestoreClient.swift */ = {isa = PBXFileReference; lastKnownFileType = sourcecode.swift; path = FirestoreClient.swift; sourceTree = "<group>"; };
		EDBD832BB0F7AA30948D1A01 /* Trip.swift */ = {isa = PBXFileReference; lastKnownFileType = sourcecode.swift; path = Trip.swift; sourceTree = "<group>"; };
		F35CCB39FFC9A1C8CC4FC9F3 /* CreateTripSheet.swift */ = {isa = PBXFileReference; lastKnownFileType = sourcecode.swift; path = CreateTripSheet.swift; sourceTree = "<group>"; };
		F5B50B6094A65351FEDB064F /* TripDetailViewModel.swift */ = {isa = PBXFileReference; lastKnownFileType = sourcecode.swift; path = TripDetailViewModel.swift; sourceTree = "<group>"; };
		F7875DE7670482043E262AD3 /* FirestoreClient+Writes.swift */ = {isa = PBXFileReference; lastKnownFileType = sourcecode.swift; path = "FirestoreClient+Writes.swift"; sourceTree = "<group>"; };
		F98D908DFD041768BECE4CEE /* AppRoot.swift */ = {isa = PBXFileReference; lastKnownFileType = sourcecode.swift; path = AppRoot.swift; sourceTree = "<group>"; };
/* End PBXFileReference section */

/* Begin PBXFrameworksBuildPhase section */
		5E269941BDEC40D5A8F8793A /* Frameworks */ = {
			isa = PBXFrameworksBuildPhase;
			buildActionMask = 2147483647;
			files = (
				2780A690B1EF8C016E86917C /* FirebaseAuth in Frameworks */,
				1F00D8DC7BED5D6CD5085397 /* FirebaseFirestore in Frameworks */,
				CA6BEA6E83474C2AA78B590D /* FirebaseStorage in Frameworks */,
				807B81F9F754EAB4D0D85E0E /* FirebaseFunctions in Frameworks */,
				2A4BEC0AAF13B73EBEF9E97C /* SwiftKeychainWrapper in Frameworks */,
			);
			runOnlyForDeploymentPostprocessing = 0;
		};
/* End PBXFrameworksBuildPhase section */

/* Begin PBXGroup section */
		2BF56026FEB39CC471CE3EB2 /* AI */ = {
			isa = PBXGroup;
			children = (
				295E53F7B9186499AEC7A4E5 /* AIParseClient.swift */,
				374A33B48BC4CFEA12C8ABF4 /* ParseModels.swift */,
			);
			path = AI;
			sourceTree = "<group>";
		};
		3D8C20962B755F198661A8AB /* Firestore */ = {
			isa = PBXGroup;
			children = (
				E6F5D4AAA10A7E712EBA46C0 /* FirestoreClient.swift */,
				25C9303A97FD96652D11DA80 /* FirestoreClient+ManualSave.swift */,
				394E9145A6F17EEA4213367E /* FirestoreClient+SaveParsed.swift */,
				F7875DE7670482043E262AD3 /* FirestoreClient+Writes.swift */,
				D8947034ABFB47742EC7D128 /* HouseholdConfig.swift */,
			);
			path = Firestore;
			sourceTree = "<group>";
		};
		40156A0BBE48A1CC7DD4F20C /* DesignSystem */ = {
			isa = PBXGroup;
			children = (
				7DE881A888083E9F1FA2B675 /* CompassNav.swift */,
				7B8E80705B47694B1EC8A53D /* Components.swift */,
				C6B789D30B84724797C0070D /* FormComponents.swift */,
				6271B818C6F614D50268A32D /* Tokens.swift */,
			);
			path = DesignSystem;
			sourceTree = "<group>";
		};
		4C8E1F3A12DDCECC2F3F2710 /* Settings */ = {
			isa = PBXGroup;
			children = (
				98656ECD7F6F4EDD755E01FA /* SettingsView.swift */,
			);
			path = Settings;
			sourceTree = "<group>";
		};
		59D6961316AB39F8AFCED0B9 /* TripDetail */ = {
			isa = PBXGroup;
			children = (
				8715C7BA942D527D3C62A315 /* CalendarView.swift */,
				66E2B23EDCC5278347DA37B1 /* CategoryBreakdownSheet.swift */,
				86C9FDE5B639E8638E84A965 /* CostsView.swift */,
				704D2546F46F5C1EEE4431C3 /* ItemsView.swift */,
				D0397E04A48CA096D262DC44 /* ListView.swift */,
				005885A7CA7330AE3A03F3A5 /* TripDetailView.swift */,
				F5B50B6094A65351FEDB064F /* TripDetailViewModel.swift */,
			);
			path = TripDetail;
			sourceTree = "<group>";
		};
		6FE45342D493382AA7E64B11 /* AppGroup */ = {
			isa = PBXGroup;
			children = (
				20BBE67EBD4ED649D8842823 /* AppGroupBridge.swift */,
			);
			path = AppGroup;
			sourceTree = "<group>";
		};
		82125D8B9E2B720CB0BC575C /* Products */ = {
			isa = PBXGroup;
			children = (
				78F202CBE942F6942DCCEB85 /* ShareExtension.appex */,
				9E14DCAB330192DFA05BBF39 /* TripPlannerPro.app */,
			);
			name = Products;
			sourceTree = "<group>";
		};
		866DF23FD89E98247CE5CA74 /* AIParse */ = {
			isa = PBXGroup;
			children = (
				E01F0510CEE3F5B87EA2E4E6 /* AIParseModal.swift */,
				6C8B8F95501555D1CF8517AB /* ManualForms.swift */,
			);
			path = AIParse;
			sourceTree = "<group>";
		};
		8E6EE84328110157ADBA5E02 /* Auth */ = {
			isa = PBXGroup;
			children = (
				2D8409AA00EDAECD94F980D2 /* SignInView.swift */,
			);
			path = Auth;
			sourceTree = "<group>";
		};
		91949C26E77A9A9C25006E50 /* Auth */ = {
			isa = PBXGroup;
			children = (
				D6BCCA33AA7BBFE2EA5ED7E2 /* AppleSignInHelper.swift */,
				A4D3216405FE908A11783762 /* AuthManager.swift */,
			);
			path = Auth;
			sourceTree = "<group>";
		};
		A2EE5F8B6E190BE6F2E3856D /* ShareExtension */ = {
			isa = PBXGroup;
			children = (
				6A1ED71DB4B4A29664381D14 /* ShareViewController.swift */,
				C90C727C4814AC35F4BC7A51 /* Resources */,
			);
			path = ShareExtension;
			sourceTree = "<group>";
		};
		AD77CDDCDA91E9CEE6B88516 /* Cache */ = {
			isa = PBXGroup;
			children = (
				E2B7720CD4CABE0315A43689 /* CachedModels.swift */,
				63535354501CF525F6B8594E /* CacheManager.swift */,
			);
			path = Cache;
			sourceTree = "<group>";
		};
		AEA417168AFB682DEF64C145 /* TripPlannerPro */ = {
			isa = PBXGroup;
			children = (
				F3F56CDF912B93499B82803E /* App */,
				E40337565E55A3D44924DB2F /* Core */,
				40156A0BBE48A1CC7DD4F20C /* DesignSystem */,
				D27ACB40A5628A444C97EBE2 /* Features */,
				E6CBEAF3B4A688C7C543881B /* Resources */,
			);
			path = TripPlannerPro;
			sourceTree = "<group>";
		};
		BB6ED1A03D370B1B958A98ED /* Dashboard */ = {
			isa = PBXGroup;
			children = (
				525B905C231623339E8B59E5 /* DashboardView.swift */,
				B251D016C59B2173B79A5EC8 /* DashboardViewModel.swift */,
			);
			path = Dashboard;
			sourceTree = "<group>";
		};
		C90C727C4814AC35F4BC7A51 /* Resources */ = {
			isa = PBXGroup;
			children = (
				9528187FB886B262231989DC /* Info.plist */,
				84D86E88BE3E10B56BEC75D5 /* ShareExtension.entitlements */,
			);
			path = Resources;
			sourceTree = "<group>";
		};
		D27ACB40A5628A444C97EBE2 /* Features */ = {
			isa = PBXGroup;
			children = (
				866DF23FD89E98247CE5CA74 /* AIParse */,
				8E6EE84328110157ADBA5E02 /* Auth */,
				F101D1C168CCFF1C478BE87D /* Catalog */,
				BB6ED1A03D370B1B958A98ED /* Dashboard */,
				DF9D0B3A258AB12306AFE03A /* Editing */,
				4C8E1F3A12DDCECC2F3F2710 /* Settings */,
				59D6961316AB39F8AFCED0B9 /* TripDetail */,
			);
			path = Features;
			sourceTree = "<group>";
		};
		DE21ABC94D20D740D6BE4BD6 = {
			isa = PBXGroup;
			children = (
				A2EE5F8B6E190BE6F2E3856D /* ShareExtension */,
				AEA417168AFB682DEF64C145 /* TripPlannerPro */,
				82125D8B9E2B720CB0BC575C /* Products */,
			);
			sourceTree = "<group>";
		};
		DF9D0B3A258AB12306AFE03A /* Editing */ = {
			isa = PBXGroup;
			children = (
				2BAA5F392F9E622800B204F9 /* ThemePickerView.swift */,
				C2F2C04BD4186947DCADC86B /* AddItemChooser.swift */,
				F35CCB39FFC9A1C8CC4FC9F3 /* CreateTripSheet.swift */,
				3A7C86285A04EFD731D9E9F5 /* EditSheets.swift */,
				B3E0918B8679BF343860B9F5 /* SelectedItem.swift */,
				D8CC2D9229E1D0DCC25C1694 /* TripCityEditSheets.swift */,
			);
			path = Editing;
			sourceTree = "<group>";
		};
		E40337565E55A3D44924DB2F /* Core */ = {
			isa = PBXGroup;
			children = (
				2BF56026FEB39CC471CE3EB2 /* AI */,
				6FE45342D493382AA7E64B11 /* AppGroup */,
				91949C26E77A9A9C25006E50 /* Auth */,
				AD77CDDCDA91E9CEE6B88516 /* Cache */,
				3D8C20962B755F198661A8AB /* Firestore */,
				F389A6C71AED0813AC00339B /* Models */,
			);
			path = Core;
			sourceTree = "<group>";
		};
		E6CBEAF3B4A688C7C543881B /* Resources */ = {
			isa = PBXGroup;
			children = (
				CA4CD7A2610D1374CBFEAC82 /* Assets.xcassets */,
				2507F3FE7FFA5C78129E4F3D /* GoogleService-Info.plist */,
			);
			path = Resources;
			sourceTree = "<group>";
		};
		F101D1C168CCFF1C478BE87D /* Catalog */ = {
			isa = PBXGroup;
			children = (
				7F75A43D1D2EB09299028521 /* CatalogView.swift */,
				BB2C3D4E5F6071819A2B3C4D /* CatalogViewModel.swift */,
			);
			path = Catalog;
			sourceTree = "<group>";
		};
		F389A6C71AED0813AC00339B /* Models */ = {
			isa = PBXGroup;
			children = (
				EDBD832BB0F7AA30948D1A01 /* Trip.swift */,
				2BAA5F3C2F9E623F00B204F9 /* TripTheme.swift */,
			);
			path = Models;
			sourceTree = "<group>";
		};
		F3F56CDF912B93499B82803E /* App */ = {
			isa = PBXGroup;
			children = (
				F98D908DFD041768BECE4CEE /* AppRoot.swift */,
				DB4848A3063FFC4E6C2B6757 /* MainTabView.swift */,
				0DD604BA22C348ACF89504C7 /* TripPlannerProApp.swift */,
				4F0BB50139BBC3516F2D8CE1 /* SwipeBackEnabler.swift */,
				5966B917647DA233F09D6205 /* UIState.swift */,
			);
			path = App;
			sourceTree = "<group>";
		};
/* End PBXGroup section */

/* Begin PBXNativeTarget section */
		64DAA81A1DF68045E7903E39 /* TripPlannerPro */ = {
			isa = PBXNativeTarget;
			buildConfigurationList = 0F9F188966BF886742585B10 /* Build configuration list for PBXNativeTarget "TripPlannerPro" */;
			buildPhases = (
				6F97F8EE76CDBD25F39D39EF /* Sources */,
				895F5373494EF44874F623CB /* Resources */,
				5E269941BDEC40D5A8F8793A /* Frameworks */,
			);
			buildRules = (
			);
			dependencies = (
			);
			name = TripPlannerPro;
			packageProductDependencies = (
				0DCEA82BFD0BD161E476E447 /* FirebaseAuth */,
				25FBF6AD691D894A96F6D4CE /* FirebaseFirestore */,
				33DA31B9B1B139DDAD3CCE05 /* FirebaseStorage */,
				3395FE6E4E52421A1F3BF82A /* FirebaseFunctions */,
				98DE54F22A972F91ADFEEBAF /* SwiftKeychainWrapper */,
			);
			productName = TripPlannerPro;
			productReference = 9E14DCAB330192DFA05BBF39 /* TripPlannerPro.app */;
			productType = "com.apple.product-type.application";
		};
		D3C82F44518CD66B87A6E4D6 /* ShareExtension */ = {
			isa = PBXNativeTarget;
			buildConfigurationList = 099429B8177DE094796FC8CE /* Build configuration list for PBXNativeTarget "ShareExtension" */;
			buildPhases = (
				9D3969C1C6E3F4EBD8F54CB3 /* Sources */,
			);
			buildRules = (
			);
			dependencies = (
			);
			name = ShareExtension;
			productName = ShareExtension;
			productReference = 78F202CBE942F6942DCCEB85 /* ShareExtension.appex */;
			productType = "com.apple.product-type.app-extension";
		};
/* End PBXNativeTarget section */

/* Begin PBXProject section */
		A143B06D4A0D157B88A1F069 /* Project object */ = {
			isa = PBXProject;
			attributes = {
				BuildIndependentTargetsInParallel = YES;
				LastUpgradeCheck = 1500;
				TargetAttributes = {
					64DAA81A1DF68045E7903E39 = {
						DevelopmentTeam = Q2TG5FA7M7;
					};
					D3C82F44518CD66B87A6E4D6 = {
						DevelopmentTeam = Q2TG5FA7M7;
					};
				};
			};
			buildConfigurationList = 4B7422C19970305D3CEEC52D /* Build configuration list for PBXProject "TripPlannerPro" */;
			compatibilityVersion = "Xcode 14.0";
			developmentRegion = "es-AR";
			hasScannedForEncodings = 0;
			knownRegions = (
				Base,
				"es-AR",
			);
			mainGroup = DE21ABC94D20D740D6BE4BD6;
			packageReferences = (
				53B2005BB6B63F01A79333D7 /* XCRemoteSwiftPackageReference "firebase-ios-sdk" */,
				D923283E4CD5D9D70529DCE8 /* XCRemoteSwiftPackageReference "SwiftKeychainWrapper" */,
			);
			projectDirPath = "";
			projectRoot = "";
			targets = (
				D3C82F44518CD66B87A6E4D6 /* ShareExtension */,
				64DAA81A1DF68045E7903E39 /* TripPlannerPro */,
			);
		};
/* End PBXProject section */

/* Begin PBXResourcesBuildPhase section */
		895F5373494EF44874F623CB /* Resources */ = {
			isa = PBXResourcesBuildPhase;
			buildActionMask = 2147483647;
			files = (
				47311792AC10F61C0E70819D /* Assets.xcassets in Resources */,
				32E74E9DCD25A3D1D05694BC /* GoogleService-Info.plist in Resources */,
			);
			runOnlyForDeploymentPostprocessing = 0;
		};
/* End PBXResourcesBuildPhase section */

/* Begin PBXSourcesBuildPhase section */
		6F97F8EE76CDBD25F39D39EF /* Sources */ = {
			isa = PBXSourcesBuildPhase;
			buildActionMask = 2147483647;
			files = (
				C54E2DE24DBC10C0E8D3515F /* AIParseClient.swift in Sources */,
				981294913E2DFEE09A8BAC68 /* AIParseModal.swift in Sources */,
				9BDC10826FB88365638C3104 /* AddItemChooser.swift in Sources */,
				51709004B5941D2E9D0FDFD4 /* AppGroupBridge.swift in Sources */,
				FE510838DC68A146F34E0892 /* AppRoot.swift in Sources */,
				41B14A75A2EE268884F5EC2C /* AppleSignInHelper.swift in Sources */,
				49CC929394E0498FD35C0C77 /* AuthManager.swift in Sources */,
				03C02F4BC2C036EF24535018 /* CacheManager.swift in Sources */,
				432D907E731D4ACDEDE49ECB /* CachedModels.swift in Sources */,
				A63AA6019A1C9BA894F8B0DB /* CalendarView.swift in Sources */,
				629358D9009DF97EC0714669 /* CatalogView.swift in Sources */,
				AA1B2C3D4E5F607180A1B2C3 /* CatalogViewModel.swift in Sources */,
				63F408A366A902E967F9FB5A /* CategoryBreakdownSheet.swift in Sources */,
				61DA9CE806F12CFA403FAECC /* CompassNav.swift in Sources */,
				FCCAA20E9E202EE433572F61 /* Components.swift in Sources */,
				2DFE23D698EE8AA90E0F2F50 /* CostsView.swift in Sources */,
				2D6C8C35501AF36B97E4C6DE /* CreateTripSheet.swift in Sources */,
				566F40B852BA4D80D3FFB867 /* DashboardView.swift in Sources */,
				069A25E2D4656D474A0B1D2F /* DashboardViewModel.swift in Sources */,
				F3CEF6BA5263E3344301A0B2 /* EditSheets.swift in Sources */,
				7F8956774DA55D7163FF9A55 /* FirestoreClient+ManualSave.swift in Sources */,
				5DE9562E9EF7E32FA79BFAD6 /* FirestoreClient+SaveParsed.swift in Sources */,
				37A2EDE57467A5208E182DEC /* FirestoreClient+Writes.swift in Sources */,
				73D82416E9924A088BC0D1CD /* FirestoreClient.swift in Sources */,
				128DD0035A0A58F4DE179730 /* FormComponents.swift in Sources */,
				D076F2528B969E87F056F2CD /* HouseholdConfig.swift in Sources */,
				535AF6874FB9B7EEE75477AA /* ItemsView.swift in Sources */,
				2008580ED19997D8067F36F6 /* ListView.swift in Sources */,
				550D018B81EC031ECE48D8BD /* MainTabView.swift in Sources */,
				1DF53B1F72ECFB6BBF50FC76 /* ManualForms.swift in Sources */,
				F280C23F1DCD5C346A636459 /* ParseModels.swift in Sources */,
				2BAA5F3A2F9E622800B204F9 /* ThemePickerView.swift in Sources */,
				12B4D9C3113D5CE8874138DF /* SelectedItem.swift in Sources */,
				FC3F2053AF6F17C23FDCD301 /* SettingsView.swift in Sources */,
				FBC69458CA99BFA3E34C644E /* SignInView.swift in Sources */,
				AD2EB3956033F36879444B02 /* Tokens.swift in Sources */,
				9FCD969236CCDE7EC3CB4954 /* Trip.swift in Sources */,
				57AD3424DD5EBDF9589302E0 /* TripCityEditSheets.swift in Sources */,
				FF0229CE0B290A7F9F61ACB9 /* TripDetailView.swift in Sources */,
				3EC940072A0B6B3B8D2840B4 /* TripDetailViewModel.swift in Sources */,
				B6780060B04152AD3CDE3168 /* TripPlannerProApp.swift in Sources */,
				2BAA5F3D2F9E623F00B204F9 /* TripTheme.swift in Sources */,
				71B18D34F088B9F56C69152F /* SwipeBackEnabler.swift in Sources */,
				CB73676789102640E78B0F74 /* UIState.swift in Sources */,
			);
			runOnlyForDeploymentPostprocessing = 0;
		};
		9D3969C1C6E3F4EBD8F54CB3 /* Sources */ = {
			isa = PBXSourcesBuildPhase;
			buildActionMask = 2147483647;
			files = (
				2BAA5F3B2F9E622800B204F9 /* ThemePickerView.swift in Sources */,
				908756A0AC06469A2C702322 /* ShareViewController.swift in Sources */,
			);
			runOnlyForDeploymentPostprocessing = 0;
		};
/* End PBXSourcesBuildPhase section */

/* Begin XCBuildConfiguration section */
		11A730A169A634427388F25A /* Debug */ = {
			isa = XCBuildConfiguration;
			buildSettings = {
				APPLICATION_EXTENSION_API_ONLY = YES;
				CODE_SIGN_ENTITLEMENTS = ShareExtension/Resources/ShareExtension.entitlements;
				GENERATE_INFOPLIST_FILE = NO;
				INFOPLIST_FILE = ShareExtension/Resources/Info.plist;
				LD_RUNPATH_SEARCH_PATHS = (
					"$(inherited)",
					"@executable_path/Frameworks",
					"@executable_path/../../Frameworks",
				);
				PRODUCT_BUNDLE_IDENTIFIER = com.mferracani.tripplannerpro.share;
				PRODUCT_NAME = ShareExtension;
				SDKROOT = iphoneos;
				TARGETED_DEVICE_FAMILY = "1,2";
			};
			name = Debug;
		};
		4918EB515B216B2489F97368 /* Release */ = {
			isa = XCBuildConfiguration;
			buildSettings = {
				ALWAYS_SEARCH_USER_PATHS = NO;
				CLANG_ANALYZER_NONNULL = YES;
				CLANG_ANALYZER_NUMBER_OBJECT_CONVERSION = YES_AGGRESSIVE;
				CLANG_CXX_LANGUAGE_STANDARD = "gnu++14";
				CLANG_CXX_LIBRARY = "libc++";
				CLANG_ENABLE_MODULES = YES;
				CLANG_ENABLE_OBJC_ARC = YES;
				CLANG_ENABLE_OBJC_WEAK = YES;
				CLANG_WARN_BLOCK_CAPTURE_AUTORELEASING = YES;
				CLANG_WARN_BOOL_CONVERSION = YES;
				CLANG_WARN_COMMA = YES;
				CLANG_WARN_CONSTANT_CONVERSION = YES;
				CLANG_WARN_DEPRECATED_OBJC_IMPLEMENTATIONS = YES;
				CLANG_WARN_DIRECT_OBJC_ISA_USAGE = YES_ERROR;
				CLANG_WARN_DOCUMENTATION_COMMENTS = YES;
				CLANG_WARN_EMPTY_BODY = YES;
				CLANG_WARN_ENUM_CONVERSION = YES;
				CLANG_WARN_INFINITE_RECURSION = YES;
				CLANG_WARN_INT_CONVERSION = YES;
				CLANG_WARN_NON_LITERAL_NULL_CONVERSION = YES;
				CLANG_WARN_OBJC_IMPLICIT_RETAIN_SELF = YES;
				CLANG_WARN_OBJC_LITERAL_CONVERSION = YES;
				CLANG_WARN_OBJC_ROOT_CLASS = YES_ERROR;
				CLANG_WARN_QUOTED_INCLUDE_IN_FRAMEWORK_HEADER = YES;
				CLANG_WARN_RANGE_LOOP_ANALYSIS = YES;
				CLANG_WARN_STRICT_PROTOTYPES = YES;
				CLANG_WARN_SUSPICIOUS_MOVE = YES;
				CLANG_WARN_UNGUARDED_AVAILABILITY = YES_AGGRESSIVE;
				CLANG_WARN_UNREACHABLE_CODE = YES;
				CLANG_WARN__DUPLICATE_METHOD_MATCH = YES;
				COPY_PHASE_STRIP = NO;
				CURRENT_PROJECT_VERSION = 1;
				DEBUG_INFORMATION_FORMAT = "dwarf-with-dsym";
				DEVELOPMENT_TEAM = Q2TG5FA7M7;
				ENABLE_NS_ASSERTIONS = NO;
				ENABLE_STRICT_OBJC_MSGSEND = YES;
				ENABLE_USER_SCRIPT_SANDBOXING = YES;
				GCC_C_LANGUAGE_STANDARD = gnu11;
				GCC_NO_COMMON_BLOCKS = YES;
				GCC_WARN_64_TO_32_BIT_CONVERSION = YES;
				GCC_WARN_ABOUT_RETURN_TYPE = YES_ERROR;
				GCC_WARN_UNDECLARED_SELECTOR = YES;
				GCC_WARN_UNINITIALIZED_AUTOS = YES_AGGRESSIVE;
				GCC_WARN_UNUSED_FUNCTION = YES;
				GCC_WARN_UNUSED_VARIABLE = YES;
				IPHONEOS_DEPLOYMENT_TARGET = 17.0;
				MARKETING_VERSION = 0.1.0;
				MTL_ENABLE_DEBUG_INFO = NO;
				MTL_FAST_MATH = YES;
				PRODUCT_NAME = "$(TARGET_NAME)";
				SDKROOT = iphoneos;
				SWIFT_COMPILATION_MODE = wholemodule;
				SWIFT_OPTIMIZATION_LEVEL = "-O";
				SWIFT_STRICT_CONCURRENCY = complete;
				SWIFT_VERSION = 6.0;
			};
			name = Release;
		};
		7DF7BCBEB448543C7B4E6AA2 /* Release */ = {
			isa = XCBuildConfiguration;
			buildSettings = {
				ASSETCATALOG_COMPILER_APPICON_NAME = AppIcon;
				CODE_SIGN_ENTITLEMENTS = TripPlannerPro/Resources/TripPlannerPro.entitlements;
				CODE_SIGN_IDENTITY = "iPhone Developer";
				GENERATE_INFOPLIST_FILE = NO;
				INFOPLIST_FILE = TripPlannerPro/Resources/Info.plist;
				LD_RUNPATH_SEARCH_PATHS = (
					"$(inherited)",
					"@executable_path/Frameworks",
				);
				PRODUCT_BUNDLE_IDENTIFIER = com.mferracani.tripplannerpro;
				PRODUCT_NAME = "Trip Planner Pro";
				SDKROOT = iphoneos;
				SUPPORTS_MACCATALYST = NO;
				TARGETED_DEVICE_FAMILY = "1,2";
			};
			name = Release;
		};
		C40A7A5E49EAAE1485F4DB95 /* Debug */ = {
			isa = XCBuildConfiguration;
			buildSettings = {
				ALWAYS_SEARCH_USER_PATHS = NO;
				CLANG_ANALYZER_NONNULL = YES;
				CLANG_ANALYZER_NUMBER_OBJECT_CONVERSION = YES_AGGRESSIVE;
				CLANG_CXX_LANGUAGE_STANDARD = "gnu++14";
				CLANG_CXX_LIBRARY = "libc++";
				CLANG_ENABLE_MODULES = YES;
				CLANG_ENABLE_OBJC_ARC = YES;
				CLANG_ENABLE_OBJC_WEAK = YES;
				CLANG_WARN_BLOCK_CAPTURE_AUTORELEASING = YES;
				CLANG_WARN_BOOL_CONVERSION = YES;
				CLANG_WARN_COMMA = YES;
				CLANG_WARN_CONSTANT_CONVERSION = YES;
				CLANG_WARN_DEPRECATED_OBJC_IMPLEMENTATIONS = YES;
				CLANG_WARN_DIRECT_OBJC_ISA_USAGE = YES_ERROR;
				CLANG_WARN_DOCUMENTATION_COMMENTS = YES;
				CLANG_WARN_EMPTY_BODY = YES;
				CLANG_WARN_ENUM_CONVERSION = YES;
				CLANG_WARN_INFINITE_RECURSION = YES;
				CLANG_WARN_INT_CONVERSION = YES;
				CLANG_WARN_NON_LITERAL_NULL_CONVERSION = YES;
				CLANG_WARN_OBJC_IMPLICIT_RETAIN_SELF = YES;
				CLANG_WARN_OBJC_LITERAL_CONVERSION = YES;
				CLANG_WARN_OBJC_ROOT_CLASS = YES_ERROR;
				CLANG_WARN_QUOTED_INCLUDE_IN_FRAMEWORK_HEADER = YES;
				CLANG_WARN_RANGE_LOOP_ANALYSIS = YES;
				CLANG_WARN_STRICT_PROTOTYPES = YES;
				CLANG_WARN_SUSPICIOUS_MOVE = YES;
				CLANG_WARN_UNGUARDED_AVAILABILITY = YES_AGGRESSIVE;
				CLANG_WARN_UNREACHABLE_CODE = YES;
				CLANG_WARN__DUPLICATE_METHOD_MATCH = YES;
				COPY_PHASE_STRIP = NO;
				CURRENT_PROJECT_VERSION = 1;
				DEBUG_INFORMATION_FORMAT = dwarf;
				DEVELOPMENT_TEAM = Q2TG5FA7M7;
				ENABLE_STRICT_OBJC_MSGSEND = YES;
				ENABLE_TESTABILITY = YES;
				ENABLE_USER_SCRIPT_SANDBOXING = YES;
				GCC_C_LANGUAGE_STANDARD = gnu11;
				GCC_DYNAMIC_NO_PIC = NO;
				GCC_NO_COMMON_BLOCKS = YES;
				GCC_OPTIMIZATION_LEVEL = 0;
				GCC_PREPROCESSOR_DEFINITIONS = (
					"$(inherited)",
					"DEBUG=1",
				);
				GCC_WARN_64_TO_32_BIT_CONVERSION = YES;
				GCC_WARN_ABOUT_RETURN_TYPE = YES_ERROR;
				GCC_WARN_UNDECLARED_SELECTOR = YES;
				GCC_WARN_UNINITIALIZED_AUTOS = YES_AGGRESSIVE;
				GCC_WARN_UNUSED_FUNCTION = YES;
				GCC_WARN_UNUSED_VARIABLE = YES;
				IPHONEOS_DEPLOYMENT_TARGET = 17.0;
				MARKETING_VERSION = 0.1.0;
				MTL_ENABLE_DEBUG_INFO = INCLUDE_SOURCE;
				MTL_FAST_MATH = YES;
				ONLY_ACTIVE_ARCH = YES;
				PRODUCT_NAME = "$(TARGET_NAME)";
				SDKROOT = iphoneos;
				SWIFT_ACTIVE_COMPILATION_CONDITIONS = DEBUG;
				SWIFT_OPTIMIZATION_LEVEL = "-Onone";
				SWIFT_STRICT_CONCURRENCY = complete;
				SWIFT_VERSION = 6.0;
			};
			name = Debug;
		};
		ED7E3859E20242AA69C4DDC0 /* Debug */ = {
			isa = XCBuildConfiguration;
			buildSettings = {
				ASSETCATALOG_COMPILER_APPICON_NAME = AppIcon;
				CODE_SIGN_ENTITLEMENTS = TripPlannerPro/Resources/TripPlannerPro.entitlements;
				CODE_SIGN_IDENTITY = "iPhone Developer";
				GENERATE_INFOPLIST_FILE = NO;
				INFOPLIST_FILE = TripPlannerPro/Resources/Info.plist;
				LD_RUNPATH_SEARCH_PATHS = (
					"$(inherited)",
					"@executable_path/Frameworks",
				);
				PRODUCT_BUNDLE_IDENTIFIER = com.mferracani.tripplannerpro;
				PRODUCT_NAME = "Trip Planner Pro";
				SDKROOT = iphoneos;
				SUPPORTS_MACCATALYST = NO;
				TARGETED_DEVICE_FAMILY = "1,2";
			};
			name = Debug;
		};
		F279001FE2BC1FEE4BD70C19 /* Release */ = {
			isa = XCBuildConfiguration;
			buildSettings = {
				APPLICATION_EXTENSION_API_ONLY = YES;
				CODE_SIGN_ENTITLEMENTS = ShareExtension/Resources/ShareExtension.entitlements;
				GENERATE_INFOPLIST_FILE = NO;
				INFOPLIST_FILE = ShareExtension/Resources/Info.plist;
				LD_RUNPATH_SEARCH_PATHS = (
					"$(inherited)",
					"@executable_path/Frameworks",
					"@executable_path/../../Frameworks",
				);
				PRODUCT_BUNDLE_IDENTIFIER = com.mferracani.tripplannerpro.share;
				PRODUCT_NAME = ShareExtension;
				SDKROOT = iphoneos;
				TARGETED_DEVICE_FAMILY = "1,2";
			};
			name = Release;
		};
/* End XCBuildConfiguration section */

/* Begin XCConfigurationList section */
		099429B8177DE094796FC8CE /* Build configuration list for PBXNativeTarget "ShareExtension" */ = {
			isa = XCConfigurationList;
			buildConfigurations = (
				11A730A169A634427388F25A /* Debug */,
				F279001FE2BC1FEE4BD70C19 /* Release */,
			);
			defaultConfigurationIsVisible = 0;
			defaultConfigurationName = Debug;
		};
		0F9F188966BF886742585B10 /* Build configuration list for PBXNativeTarget "TripPlannerPro" */ = {
			isa = XCConfigurationList;
			buildConfigurations = (
				ED7E3859E20242AA69C4DDC0 /* Debug */,
				7DF7BCBEB448543C7B4E6AA2 /* Release */,
			);
			defaultConfigurationIsVisible = 0;
			defaultConfigurationName = Debug;
		};
		4B7422C19970305D3CEEC52D /* Build configuration list for PBXProject "TripPlannerPro" */ = {
			isa = XCConfigurationList;
			buildConfigurations = (
				C40A7A5E49EAAE1485F4DB95 /* Debug */,
				4918EB515B216B2489F97368 /* Release */,
			);
			defaultConfigurationIsVisible = 0;
			defaultConfigurationName = Debug;
		};
/* End XCConfigurationList section */

/* Begin XCRemoteSwiftPackageReference section */
		53B2005BB6B63F01A79333D7 /* XCRemoteSwiftPackageReference "firebase-ios-sdk" */ = {
			isa = XCRemoteSwiftPackageReference;
			repositoryURL = "https://github.com/firebase/firebase-ios-sdk";
			requirement = {
				kind = upToNextMajorVersion;
				minimumVersion = 11.0.0;
			};
		};
		D923283E4CD5D9D70529DCE8 /* XCRemoteSwiftPackageReference "SwiftKeychainWrapper" */ = {
			isa = XCRemoteSwiftPackageReference;
			repositoryURL = "https://github.com/jrendel/SwiftKeychainWrapper";
			requirement = {
				kind = upToNextMajorVersion;
				minimumVersion = 4.0.1;
			};
		};
/* End XCRemoteSwiftPackageReference section */

/* Begin XCSwiftPackageProductDependency section */
		0DCEA82BFD0BD161E476E447 /* FirebaseAuth */ = {
			isa = XCSwiftPackageProductDependency;
			package = 53B2005BB6B63F01A79333D7 /* XCRemoteSwiftPackageReference "firebase-ios-sdk" */;
			productName = FirebaseAuth;
		};
		25FBF6AD691D894A96F6D4CE /* FirebaseFirestore */ = {
			isa = XCSwiftPackageProductDependency;
			package = 53B2005BB6B63F01A79333D7 /* XCRemoteSwiftPackageReference "firebase-ios-sdk" */;
			productName = FirebaseFirestore;
		};
		3395FE6E4E52421A1F3BF82A /* FirebaseFunctions */ = {
			isa = XCSwiftPackageProductDependency;
			package = 53B2005BB6B63F01A79333D7 /* XCRemoteSwiftPackageReference "firebase-ios-sdk" */;
			productName = FirebaseFunctions;
		};
		33DA31B9B1B139DDAD3CCE05 /* FirebaseStorage */ = {
			isa = XCSwiftPackageProductDependency;
			package = 53B2005BB6B63F01A79333D7 /* XCRemoteSwiftPackageReference "firebase-ios-sdk" */;
			productName = FirebaseStorage;
		};
		98DE54F22A972F91ADFEEBAF /* SwiftKeychainWrapper */ = {
			isa = XCSwiftPackageProductDependency;
			package = D923283E4CD5D9D70529DCE8 /* XCRemoteSwiftPackageReference "SwiftKeychainWrapper" */;
			productName = SwiftKeychainWrapper;
		};
/* End XCSwiftPackageProductDependency section */
	};
	rootObject = A143B06D4A0D157B88A1F069 /* Project object */;
}
